
Microsoft Visual Studio Solution File, Format Version 12.00
# Visual Studio Version 17
VisualStudioVersion = 17.0.31903.59
MinimumVisualStudioVersion = 10.0.40219.1
Project("{9A19103F-16F7-4668-BE54-9A1E7A4F7556}") = "Domain", "src\Domain\Domain.csproj", "{C7E89A3E-A631-4760-8D61-BD1EAB1C4E69}"
EndProject
Project("{9A19103F-16F7-4668-BE54-9A1E7A4F7556}") = "Application", "src\Application\Application.csproj", "{34C0FACD-F3D9-400C-8945-554DD6B0819A}"
EndProject
Project("{9A19103F-16F7-4668-BE54-9A1E7A4F7556}") = "Infrastructure", "src\Infrastructure\Infrastructure.csproj", "{117DA02F-5274-4565-ACC6-DA9B6E568B09}"
EndProject
Project("{2150E333-8FDC-42A3-9474-1A3956D46DE8}") = "src", "src", "{6ED356A7-8B47-4613-AD01-C85CF28491BD}"
EndProject
Project("{2150E333-8FDC-42A3-9474-1A3956D46DE8}") = "tests", "tests", "{664D406C-2F83-48F0-BFC3-408D5CB53C65}"
EndProject
Project("{2150E333-8FDC-42A3-9474-1A3956D46DE8}") = "WebUI", "WebUI", "{E4E574EE-8F0D-44EC-80FC-95B5E5887C3C}"
EndProject
Project("{9A19103F-16F7-4668-BE54-9A1E7A4F7556}") = "WebUI.Server", "src\WebUI\Server\WebUI.Server.csproj", "{0C1B0D24-35FE-420E-88E0-95C4A33448F2}"
EndProject
Project("{9A19103F-16F7-4668-BE54-9A1E7A4F7556}") = "WebUI.Client", "src\WebUI\Client\WebUI.Client.csproj", "{1232175F-2D82-4480-9055-D881B9E17F90}"
EndProject
Project("{00D1A9C2-B5F0-4AF3-8072-F6C62B433612}") = "Database", "src\Database\Database.sqlproj", "{B46C0121-F023-41C1-BC82-C2EA31E8DA39}"
EndProject
Project("{2150E333-8FDC-42A3-9474-1A3956D46DE8}") = "Db", "Db", "{C5B161E1-8751-4809-8920-AB9F4E4ED712}"
EndProject
Project("{9A19103F-16F7-4668-BE54-9A1E7A4F7556}") = "QuickGrid", "..\BlazorComponents\QuickGrid\QuickGrid.csproj", "{1FC39BBA-6121-4250-9DDF-76BA0713C748}"
EndProject
Project("{2150E333-8FDC-42A3-9474-1A3956D46DE8}") = "BlazorComponents", "BlazorComponents", "{5946B339-09AC-415B-86DF-B1C5E7BDCA40}"
EndProject
Project("{2150E333-8FDC-42A3-9474-1A3956D46DE8}") = "Solution Items", "Solution Items", "{9654E8B3-D7A0-49B0-9B46-178269BC159E}"
	ProjectSection(SolutionItems) = preProject
		.editorconfig = .editorconfig
		README.md = README.md
	EndProjectSection
EndProject
Global
	GlobalSection(SolutionConfigurationPlatforms) = preSolution
		Debug|Any CPU = Debug|Any CPU
		Release|Any CPU = Release|Any CPU
	EndGlobalSection
	GlobalSection(ProjectConfigurationPlatforms) = postSolution
		{C7E89A3E-A631-4760-8D61-BD1EAB1C4E69}.Debug|Any CPU.ActiveCfg = Debug|Any CPU
		{C7E89A3E-A631-4760-8D61-BD1EAB1C4E69}.Debug|Any CPU.Build.0 = Debug|Any CPU
		{C7E89A3E-A631-4760-8D61-BD1EAB1C4E69}.Release|Any CPU.ActiveCfg = Release|Any CPU
		{C7E89A3E-A631-4760-8D61-BD1EAB1C4E69}.Release|Any CPU.Build.0 = Release|Any CPU
		{34C0FACD-F3D9-400C-8945-554DD6B0819A}.Debug|Any CPU.ActiveCfg = Debug|Any CPU
		{34C0FACD-F3D9-400C-8945-554DD6B0819A}.Debug|Any CPU.Build.0 = Debug|Any CPU
		{34C0FACD-F3D9-400C-8945-554DD6B0819A}.Release|Any CPU.ActiveCfg = Release|Any CPU
		{34C0FACD-F3D9-400C-8945-554DD6B0819A}.Release|Any CPU.Build.0 = Release|Any CPU
		{117DA02F-5274-4565-ACC6-DA9B6E568B09}.Debug|Any CPU.ActiveCfg = Debug|Any CPU
		{117DA02F-5274-4565-ACC6-DA9B6E568B09}.Debug|Any CPU.Build.0 = Debug|Any CPU
		{117DA02F-5274-4565-ACC6-DA9B6E568B09}.Release|Any CPU.ActiveCfg = Release|Any CPU
		{117DA02F-5274-4565-ACC6-DA9B6E568B09}.Release|Any CPU.Build.0 = Release|Any CPU
		{0C1B0D24-35FE-420E-88E0-95C4A33448F2}.Debug|Any CPU.ActiveCfg = Debug|Any CPU
		{0C1B0D24-35FE-420E-88E0-95C4A33448F2}.Debug|Any CPU.Build.0 = Debug|Any CPU
		{0C1B0D24-35FE-420E-88E0-95C4A33448F2}.Release|Any CPU.ActiveCfg = Release|Any CPU
		{0C1B0D24-35FE-420E-88E0-95C4A33448F2}.Release|Any CPU.Build.0 = Release|Any CPU
		{1232175F-2D82-4480-9055-D881B9E17F90}.Debug|Any CPU.ActiveCfg = Debug|Any CPU
		{1232175F-2D82-4480-9055-D881B9E17F90}.Debug|Any CPU.Build.0 = Debug|Any CPU
		{1232175F-2D82-4480-9055-D881B9E17F90}.Release|Any CPU.ActiveCfg = Release|Any CPU
		{1232175F-2D82-4480-9055-D881B9E17F90}.Release|Any CPU.Build.0 = Release|Any CPU
		{B46C0121-F023-41C1-BC82-C2EA31E8DA39}.Debug|Any CPU.ActiveCfg = Debug|Any CPU
		{B46C0121-F023-41C1-BC82-C2EA31E8DA39}.Debug|Any CPU.Build.0 = Debug|Any CPU
		{B46C0121-F023-41C1-BC82-C2EA31E8DA39}.Debug|Any CPU.Deploy.0 = Debug|Any CPU
		{B46C0121-F023-41C1-BC82-C2EA31E8DA39}.Release|Any CPU.ActiveCfg = Release|Any CPU
		{B46C0121-F023-41C1-BC82-C2EA31E8DA39}.Release|Any CPU.Build.0 = Release|Any CPU
		{B46C0121-F023-41C1-BC82-C2EA31E8DA39}.Release|Any CPU.Deploy.0 = Release|Any CPU
		{1FC39BBA-6121-4250-9DDF-76BA0713C748}.Debug|Any CPU.ActiveCfg = Debug|Any CPU
		{1FC39BBA-6121-4250-9DDF-76BA0713C748}.Debug|Any CPU.Build.0 = Debug|Any CPU
		{1FC39BBA-6121-4250-9DDF-76BA0713C748}.Release|Any CPU.ActiveCfg = Release|Any CPU
		{1FC39BBA-6121-4250-9DDF-76BA0713C748}.Release|Any CPU.Build.0 = Release|Any CPU
	EndGlobalSection
	GlobalSection(SolutionProperties) = preSolution
		HideSolutionNode = FALSE
	EndGlobalSection
	GlobalSection(NestedProjects) = preSolution
		{C7E89A3E-A631-4760-8D61-BD1EAB1C4E69} = {6ED356A7-8B47-4613-AD01-C85CF28491BD}
		{34C0FACD-F3D9-400C-8945-554DD6B0819A} = {6ED356A7-8B47-4613-AD01-C85CF28491BD}
		{117DA02F-5274-4565-ACC6-DA9B6E568B09} = {6ED356A7-8B47-4613-AD01-C85CF28491BD}
		{E4E574EE-8F0D-44EC-80FC-95B5E5887C3C} = {6ED356A7-8B47-4613-AD01-C85CF28491BD}
		{0C1B0D24-35FE-420E-88E0-95C4A33448F2} = {E4E574EE-8F0D-44EC-80FC-95B5E5887C3C}
		{1232175F-2D82-4480-9055-D881B9E17F90} = {E4E574EE-8F0D-44EC-80FC-95B5E5887C3C}
		{B46C0121-F023-41C1-BC82-C2EA31E8DA39} = {C5B161E1-8751-4809-8920-AB9F4E4ED712}
		{C5B161E1-8751-4809-8920-AB9F4E4ED712} = {6ED356A7-8B47-4613-AD01-C85CF28491BD}
		{1FC39BBA-6121-4250-9DDF-76BA0713C748} = {5946B339-09AC-415B-86DF-B1C5E7BDCA40}
		{5946B339-09AC-415B-86DF-B1C5E7BDCA40} = {E4E574EE-8F0D-44EC-80FC-95B5E5887C3C}
	EndGlobalSection
	GlobalSection(ExtensibilityGlobals) = postSolution
		SolutionGuid = {3CB609D9-5D54-4C11-A371-DAAC8B74E430}
	EndGlobalSection
EndGlobal
